
Microsoft Visual Studio Solution File, Format Version 12.00
# Visual Studio 15
VisualStudioVersion = 15.0.27004.2009
MinimumVisualStudioVersion = 10.0.40219.1
Project("{FAE04EC0-301F-11D3-BF4B-00C04F79EFBC}") = "SitecoreInstaller.Host", "SitecoreInstaller.Host\SitecoreInstaller.Host.csproj", "{484A47F8-CD04-4F51-A307-7DED0F71F6F9}"
EndProject
Project("{FAE04EC0-301F-11D3-BF4B-00C04F79EFBC}") = "SitecoreInstaller.Kernel", "SitecoreInstaller.Kernel\SitecoreInstaller.Kernel.csproj", "{98D01578-A24A-467F-8EF1-B575E0E96B66}"
EndProject
Global
	GlobalSection(SolutionConfigurationPlatforms) = preSolution
		Debug|Any CPU = Debug|Any CPU
		Release|Any CPU = Release|Any CPU
	EndGlobalSection
	GlobalSection(ProjectConfigurationPlatforms) = postSolution
		{484A47F8-CD04-4F51-A307-7DED0F71F6F9}.Debug|Any CPU.ActiveCfg = Debug|Any CPU
		{484A47F8-CD04-4F51-A307-7DED0F71F6F9}.Debug|Any CPU.Build.0 = Debug|Any CPU
		{484A47F8-CD04-4F51-A307-7DED0F71F6F9}.Release|Any CPU.ActiveCfg = Release|Any CPU
		{484A47F8-CD04-4F51-A307-7DED0F71F6F9}.Release|Any CPU.Build.0 = Release|Any CPU
		{98D01578-A24A-467F-8EF1-B575E0E96B66}.Debug|Any CPU.ActiveCfg = Debug|Any CPU
		{98D01578-A24A-467F-8EF1-B575E0E96B66}.Debug|Any CPU.Build.0 = Debug|Any CPU
		{98D01578-A24A-467F-8EF1-B575E0E96B66}.Release|Any CPU.ActiveCfg = Release|Any CPU
		{98D01578-A24A-467F-8EF1-B575E0E96B66}.Release|Any CPU.Build.0 = Release|Any CPU
	EndGlobalSection
	GlobalSection(SolutionProperties) = preSolution
		HideSolutionNode = FALSE
	EndGlobalSection
	GlobalSection(ExtensibilityGlobals) = postSolution
		SolutionGuid = {5D188D5C-371C-43B9-9C53-524B11C0A6FA}
	EndGlobalSection
EndGlobal
