
Microsoft Visual Studio Solution File, Format Version 12.00
# Visual Studio 15
VisualStudioVersion = 15.0.27004.2005
MinimumVisualStudioVersion = 10.0.40219.1
Project("{FAE04EC0-301F-11D3-BF4B-00C04F79EFBC}") = "SitecoreInstaller.Kernel", "SitecoreInstaller.Kernel\SitecoreInstaller.Kernel.csproj", "{0CE04C3D-82BB-468C-8F3D-A80993BEDD28}"
EndProject
Project("{FAE04EC0-301F-11D3-BF4B-00C04F79EFBC}") = "SitecoreInstaller.Host", "SitecoreInstaller.Host\SitecoreInstaller.Host.csproj", "{FFC77B9F-C945-410F-86B8-7742D87811B7}"
EndProject
Global
	GlobalSection(SolutionConfigurationPlatforms) = preSolution
		Debug|Any CPU = Debug|Any CPU
		Release|Any CPU = Release|Any CPU
	EndGlobalSection
	GlobalSection(ProjectConfigurationPlatforms) = postSolution
		{0CE04C3D-82BB-468C-8F3D-A80993BEDD28}.Debug|Any CPU.ActiveCfg = Debug|Any CPU
		{0CE04C3D-82BB-468C-8F3D-A80993BEDD28}.Debug|Any CPU.Build.0 = Debug|Any CPU
		{0CE04C3D-82BB-468C-8F3D-A80993BEDD28}.Release|Any CPU.ActiveCfg = Release|Any CPU
		{0CE04C3D-82BB-468C-8F3D-A80993BEDD28}.Release|Any CPU.Build.0 = Release|Any CPU
		{FFC77B9F-C945-410F-86B8-7742D87811B7}.Debug|Any CPU.ActiveCfg = Debug|Any CPU
		{FFC77B9F-C945-410F-86B8-7742D87811B7}.Debug|Any CPU.Build.0 = Debug|Any CPU
		{FFC77B9F-C945-410F-86B8-7742D87811B7}.Release|Any CPU.ActiveCfg = Release|Any CPU
		{FFC77B9F-C945-410F-86B8-7742D87811B7}.Release|Any CPU.Build.0 = Release|Any CPU
	EndGlobalSection
	GlobalSection(SolutionProperties) = preSolution
		HideSolutionNode = FALSE
	EndGlobalSection
	GlobalSection(ExtensibilityGlobals) = postSolution
		SolutionGuid = {A021D866-F39E-40E1-8237-37A4BB9D4BC3}
	EndGlobalSection
EndGlobal
