
Microsoft Visual Studio Solution File, Format Version 13.00
# Visual Studio 2013
Project("{FAE04EC0-301F-11D3-BF4B-00C04F79EFBC}") = "SitecoreInstaller.UI", "SitecoreInstaller.UI\SitecoreInstaller.UI.csproj", "{7938E4D7-0388-4CAD-AC67-1C084DE97652}"
EndProject
Project("{FAE04EC0-301F-11D3-BF4B-00C04F79EFBC}") = "SitecoreInstaller.App", "SitecoreInstaller.App\SitecoreInstaller.App.csproj", "{687BAB97-4F30-4A9C-BF18-197C6A241EF4}"
EndProject
Project("{FAE04EC0-301F-11D3-BF4B-00C04F79EFBC}") = "SitecoreInstallerConsole", "SitecoreInstallerConsole\SitecoreInstallerConsole.csproj", "{A6ED8B1E-8AFB-4501-90FB-3B2670AA10EC}"
EndProject
Project("{FAE04EC0-301F-11D3-BF4B-00C04F79EFBC}") = "SitecoreInstaller.Domain", "SitecoreInstaller.Domain\SitecoreInstaller.Domain.csproj", "{32B57FF0-1EF1-46C7-979E-F6144E6D4387}"
EndProject
Project("{FAE04EC0-301F-11D3-BF4B-00C04F79EFBC}") = "SitecoreInstaller.Framework", "SitecoreInstaller.Framework\SitecoreInstaller.Framework.csproj", "{4DDD98BC-4F89-4C94-847E-7215486CE358}"
EndProject
Project("{FAE04EC0-301F-11D3-BF4B-00C04F79EFBC}") = "SitecoreInstaller", "SitecoreInstaller\SitecoreInstaller.csproj", "{871096CD-8C73-443E-9C44-AE987E02ECEF}"
EndProject
Project("{2150E333-8FDC-42A3-9474-1A3956D46DE8}") = "Solution Items", "Solution Items", "{FBE4BB5D-3B32-49C1-AA6A-059D6D6B8BEE}"
	ProjectSection(SolutionItems) = preProject
		Feature Requests.txt = Feature Requests.txt
		..\README.md = ..\README.md
	EndProjectSection
EndProject
Project("{FAE04EC0-301F-11D3-BF4B-00C04F79EFBC}") = "SitecoreInstaller.Tests", "SitecoreInstaller.Tests\SitecoreInstaller.Tests.csproj", "{E97E5E96-1BDC-45DD-83C3-636C9BE46086}"
EndProject
Project("{FAE04EC0-301F-11D3-BF4B-00C04F79EFBC}") = "SitecoreInstaller.XmlTransform", "SitecoreInstaller.XmlTransform\SitecoreInstaller.XmlTransform.csproj", "{9B903DDC-08D6-4051-90E4-5B99FCD3100D}"
EndProject
Project("{2150E333-8FDC-42A3-9474-1A3956D46DE8}") = ".nuget", ".nuget", "{D69552EC-9BC8-4801-A4B1-672F8879E037}"
	ProjectSection(SolutionItems) = preProject
		.nuget\NuGet.Config = .nuget\NuGet.Config
		.nuget\NuGet.exe = .nuget\NuGet.exe
		.nuget\NuGet.targets = .nuget\NuGet.targets
	EndProjectSection
EndProject
Global
	GlobalSection(SolutionConfigurationPlatforms) = preSolution
		Debug|Any CPU = Debug|Any CPU
		Debug|Mixed Platforms = Debug|Mixed Platforms
		Debug|x86 = Debug|x86
		Release|Any CPU = Release|Any CPU
		Release|Mixed Platforms = Release|Mixed Platforms
		Release|x86 = Release|x86
	EndGlobalSection
	GlobalSection(ProjectConfigurationPlatforms) = postSolution
		{7938E4D7-0388-4CAD-AC67-1C084DE97652}.Debug|Any CPU.ActiveCfg = Debug|Any CPU
		{7938E4D7-0388-4CAD-AC67-1C084DE97652}.Debug|Any CPU.Build.0 = Debug|Any CPU
		{7938E4D7-0388-4CAD-AC67-1C084DE97652}.Debug|Mixed Platforms.ActiveCfg = Debug|Any CPU
		{7938E4D7-0388-4CAD-AC67-1C084DE97652}.Debug|Mixed Platforms.Build.0 = Debug|Any CPU
		{7938E4D7-0388-4CAD-AC67-1C084DE97652}.Debug|x86.ActiveCfg = Debug|Any CPU
		{7938E4D7-0388-4CAD-AC67-1C084DE97652}.Release|Any CPU.ActiveCfg = Release|Any CPU
		{7938E4D7-0388-4CAD-AC67-1C084DE97652}.Release|Any CPU.Build.0 = Release|Any CPU
		{7938E4D7-0388-4CAD-AC67-1C084DE97652}.Release|Mixed Platforms.ActiveCfg = Release|Any CPU
		{7938E4D7-0388-4CAD-AC67-1C084DE97652}.Release|Mixed Platforms.Build.0 = Release|Any CPU
		{7938E4D7-0388-4CAD-AC67-1C084DE97652}.Release|x86.ActiveCfg = Release|Any CPU
		{687BAB97-4F30-4A9C-BF18-197C6A241EF4}.Debug|Any CPU.ActiveCfg = Debug|Any CPU
		{687BAB97-4F30-4A9C-BF18-197C6A241EF4}.Debug|Any CPU.Build.0 = Debug|Any CPU
		{687BAB97-4F30-4A9C-BF18-197C6A241EF4}.Debug|Mixed Platforms.ActiveCfg = Debug|Any CPU
		{687BAB97-4F30-4A9C-BF18-197C6A241EF4}.Debug|Mixed Platforms.Build.0 = Debug|Any CPU
		{687BAB97-4F30-4A9C-BF18-197C6A241EF4}.Debug|x86.ActiveCfg = Debug|Any CPU
		{687BAB97-4F30-4A9C-BF18-197C6A241EF4}.Release|Any CPU.ActiveCfg = Release|Any CPU
		{687BAB97-4F30-4A9C-BF18-197C6A241EF4}.Release|Any CPU.Build.0 = Release|Any CPU
		{687BAB97-4F30-4A9C-BF18-197C6A241EF4}.Release|Mixed Platforms.ActiveCfg = Release|Any CPU
		{687BAB97-4F30-4A9C-BF18-197C6A241EF4}.Release|Mixed Platforms.Build.0 = Release|Any CPU
		{687BAB97-4F30-4A9C-BF18-197C6A241EF4}.Release|x86.ActiveCfg = Release|Any CPU
		{A6ED8B1E-8AFB-4501-90FB-3B2670AA10EC}.Debug|Any CPU.ActiveCfg = Debug|x86
		{A6ED8B1E-8AFB-4501-90FB-3B2670AA10EC}.Debug|Mixed Platforms.ActiveCfg = Debug|Any CPU
		{A6ED8B1E-8AFB-4501-90FB-3B2670AA10EC}.Debug|Mixed Platforms.Build.0 = Debug|Any CPU
		{A6ED8B1E-8AFB-4501-90FB-3B2670AA10EC}.Debug|x86.ActiveCfg = Debug|x86
		{A6ED8B1E-8AFB-4501-90FB-3B2670AA10EC}.Debug|x86.Build.0 = Debug|x86
		{A6ED8B1E-8AFB-4501-90FB-3B2670AA10EC}.Release|Any CPU.ActiveCfg = Release|x86
		{A6ED8B1E-8AFB-4501-90FB-3B2670AA10EC}.Release|Mixed Platforms.ActiveCfg = Release|Any CPU
		{A6ED8B1E-8AFB-4501-90FB-3B2670AA10EC}.Release|Mixed Platforms.Build.0 = Release|Any CPU
		{A6ED8B1E-8AFB-4501-90FB-3B2670AA10EC}.Release|x86.ActiveCfg = Release|x86
		{A6ED8B1E-8AFB-4501-90FB-3B2670AA10EC}.Release|x86.Build.0 = Release|x86
		{32B57FF0-1EF1-46C7-979E-F6144E6D4387}.Debug|Any CPU.ActiveCfg = Debug|Any CPU
		{32B57FF0-1EF1-46C7-979E-F6144E6D4387}.Debug|Any CPU.Build.0 = Debug|Any CPU
		{32B57FF0-1EF1-46C7-979E-F6144E6D4387}.Debug|Mixed Platforms.ActiveCfg = Debug|Any CPU
		{32B57FF0-1EF1-46C7-979E-F6144E6D4387}.Debug|Mixed Platforms.Build.0 = Debug|Any CPU
		{32B57FF0-1EF1-46C7-979E-F6144E6D4387}.Debug|x86.ActiveCfg = Debug|Any CPU
		{32B57FF0-1EF1-46C7-979E-F6144E6D4387}.Release|Any CPU.ActiveCfg = Release|Any CPU
		{32B57FF0-1EF1-46C7-979E-F6144E6D4387}.Release|Any CPU.Build.0 = Release|Any CPU
		{32B57FF0-1EF1-46C7-979E-F6144E6D4387}.Release|Mixed Platforms.ActiveCfg = Release|Any CPU
		{32B57FF0-1EF1-46C7-979E-F6144E6D4387}.Release|Mixed Platforms.Build.0 = Release|Any CPU
		{32B57FF0-1EF1-46C7-979E-F6144E6D4387}.Release|x86.ActiveCfg = Release|Any CPU
		{4DDD98BC-4F89-4C94-847E-7215486CE358}.Debug|Any CPU.ActiveCfg = Debug|Any CPU
		{4DDD98BC-4F89-4C94-847E-7215486CE358}.Debug|Any CPU.Build.0 = Debug|Any CPU
		{4DDD98BC-4F89-4C94-847E-7215486CE358}.Debug|Mixed Platforms.ActiveCfg = Debug|Any CPU
		{4DDD98BC-4F89-4C94-847E-7215486CE358}.Debug|Mixed Platforms.Build.0 = Debug|Any CPU
		{4DDD98BC-4F89-4C94-847E-7215486CE358}.Debug|x86.ActiveCfg = Debug|Any CPU
		{4DDD98BC-4F89-4C94-847E-7215486CE358}.Release|Any CPU.ActiveCfg = Release|Any CPU
		{4DDD98BC-4F89-4C94-847E-7215486CE358}.Release|Any CPU.Build.0 = Release|Any CPU
		{4DDD98BC-4F89-4C94-847E-7215486CE358}.Release|Mixed Platforms.ActiveCfg = Release|Any CPU
		{4DDD98BC-4F89-4C94-847E-7215486CE358}.Release|Mixed Platforms.Build.0 = Release|Any CPU
		{4DDD98BC-4F89-4C94-847E-7215486CE358}.Release|x86.ActiveCfg = Release|Any CPU
		{871096CD-8C73-443E-9C44-AE987E02ECEF}.Debug|Any CPU.ActiveCfg = Debug|x86
		{871096CD-8C73-443E-9C44-AE987E02ECEF}.Debug|Mixed Platforms.ActiveCfg = Debug|Any CPU
		{871096CD-8C73-443E-9C44-AE987E02ECEF}.Debug|Mixed Platforms.Build.0 = Debug|Any CPU
		{871096CD-8C73-443E-9C44-AE987E02ECEF}.Debug|x86.ActiveCfg = Debug|x86
		{871096CD-8C73-443E-9C44-AE987E02ECEF}.Debug|x86.Build.0 = Debug|x86
		{871096CD-8C73-443E-9C44-AE987E02ECEF}.Release|Any CPU.ActiveCfg = Release|x86
		{871096CD-8C73-443E-9C44-AE987E02ECEF}.Release|Mixed Platforms.ActiveCfg = Release|Any CPU
		{871096CD-8C73-443E-9C44-AE987E02ECEF}.Release|Mixed Platforms.Build.0 = Release|Any CPU
		{871096CD-8C73-443E-9C44-AE987E02ECEF}.Release|x86.ActiveCfg = Release|x86
		{871096CD-8C73-443E-9C44-AE987E02ECEF}.Release|x86.Build.0 = Release|x86
		{E97E5E96-1BDC-45DD-83C3-636C9BE46086}.Debug|Any CPU.ActiveCfg = Debug|Any CPU
		{E97E5E96-1BDC-45DD-83C3-636C9BE46086}.Debug|Any CPU.Build.0 = Debug|Any CPU
		{E97E5E96-1BDC-45DD-83C3-636C9BE46086}.Debug|Mixed Platforms.ActiveCfg = Debug|Any CPU
		{E97E5E96-1BDC-45DD-83C3-636C9BE46086}.Debug|Mixed Platforms.Build.0 = Debug|Any CPU
		{E97E5E96-1BDC-45DD-83C3-636C9BE46086}.Debug|x86.ActiveCfg = Debug|Any CPU
		{E97E5E96-1BDC-45DD-83C3-636C9BE46086}.Release|Any CPU.ActiveCfg = Release|Any CPU
		{E97E5E96-1BDC-45DD-83C3-636C9BE46086}.Release|Any CPU.Build.0 = Release|Any CPU
		{E97E5E96-1BDC-45DD-83C3-636C9BE46086}.Release|Mixed Platforms.ActiveCfg = Release|Any CPU
		{E97E5E96-1BDC-45DD-83C3-636C9BE46086}.Release|Mixed Platforms.Build.0 = Release|Any CPU
		{E97E5E96-1BDC-45DD-83C3-636C9BE46086}.Release|x86.ActiveCfg = Release|Any CPU
		{9B903DDC-08D6-4051-90E4-5B99FCD3100D}.Debug|Any CPU.ActiveCfg = Debug|Any CPU
		{9B903DDC-08D6-4051-90E4-5B99FCD3100D}.Debug|Any CPU.Build.0 = Debug|Any CPU
		{9B903DDC-08D6-4051-90E4-5B99FCD3100D}.Debug|Mixed Platforms.ActiveCfg = Debug|Any CPU
		{9B903DDC-08D6-4051-90E4-5B99FCD3100D}.Debug|Mixed Platforms.Build.0 = Debug|Any CPU
		{9B903DDC-08D6-4051-90E4-5B99FCD3100D}.Debug|x86.ActiveCfg = Debug|Any CPU
		{9B903DDC-08D6-4051-90E4-5B99FCD3100D}.Release|Any CPU.ActiveCfg = Release|Any CPU
		{9B903DDC-08D6-4051-90E4-5B99FCD3100D}.Release|Any CPU.Build.0 = Release|Any CPU
		{9B903DDC-08D6-4051-90E4-5B99FCD3100D}.Release|Mixed Platforms.ActiveCfg = Release|Any CPU
		{9B903DDC-08D6-4051-90E4-5B99FCD3100D}.Release|Mixed Platforms.Build.0 = Release|Any CPU
		{9B903DDC-08D6-4051-90E4-5B99FCD3100D}.Release|x86.ActiveCfg = Release|Any CPU
	EndGlobalSection
	GlobalSection(SolutionProperties) = preSolution
		HideSolutionNode = FALSE
	EndGlobalSection
	GlobalSection(ExtensibilityGlobals) = postSolution
		VisualSVNWorkingCopyRoot = .
	EndGlobalSection
EndGlobal
